// !$*UTF8*$!
{
	archiveVersion = 1;
	classes = {
	};
	objectVersion = 50;
	objects = {

/* Begin PBXBuildFile section */
		04E3B032224F9234006D27A6 /* AppDelegate.swift in Sources */ = {isa = PBXBuildFile; fileRef = 04E3B031224F9234006D27A6 /* AppDelegate.swift */; };
		04E3B034224F9234006D27A6 /* ViewController.swift in Sources */ = {isa = PBXBuildFile; fileRef = 04E3B033224F9234006D27A6 /* ViewController.swift */; };
		04E3B037224F9234006D27A6 /* Main.storyboard in Resources */ = {isa = PBXBuildFile; fileRef = 04E3B035224F9234006D27A6 /* Main.storyboard */; };
		04E3B03A224F9234006D27A6 /* login.xcdatamodeld in Sources */ = {isa = PBXBuildFile; fileRef = 04E3B038224F9234006D27A6 /* login.xcdatamodeld */; };
		04E3B03C224F9236006D27A6 /* Assets.xcassets in Resources */ = {isa = PBXBuildFile; fileRef = 04E3B03B224F9236006D27A6 /* Assets.xcassets */; };
		04E3B03F224F9236006D27A6 /* LaunchScreen.storyboard in Resources */ = {isa = PBXBuildFile; fileRef = 04E3B03D224F9236006D27A6 /* LaunchScreen.storyboard */; };
		04E3B04A224F9236006D27A6 /* loginTests.swift in Sources */ = {isa = PBXBuildFile; fileRef = 04E3B049224F9236006D27A6 /* loginTests.swift */; };
		04E3B055224F9236006D27A6 /* loginUITests.swift in Sources */ = {isa = PBXBuildFile; fileRef = 04E3B054224F9236006D27A6 /* loginUITests.swift */; };
/* End PBXBuildFile section */

/* Begin PBXContainerItemProxy section */
		04E3B046224F9236006D27A6 /* PBXContainerItemProxy */ = {
			isa = PBXContainerItemProxy;
			containerPortal = 04E3B026224F9234006D27A6 /* Project object */;
			proxyType = 1;
			remoteGlobalIDString = 04E3B02D224F9234006D27A6;
			remoteInfo = login;
		};
		04E3B051224F9236006D27A6 /* PBXContainerItemProxy */ = {
			isa = PBXContainerItemProxy;
			containerPortal = 04E3B026224F9234006D27A6 /* Project object */;
			proxyType = 1;
			remoteGlobalIDString = 04E3B02D224F9234006D27A6;
			remoteInfo = login;
		};
/* End PBXContainerItemProxy section */

/* Begin PBXFileReference section */
		04E3B02E224F9234006D27A6 /* login.app */ = {isa = PBXFileReference; explicitFileType = wrapper.application; includeInIndex = 0; path = login.app; sourceTree = BUILT_PRODUCTS_DIR; };
		04E3B031224F9234006D27A6 /* AppDelegate.swift */ = {isa = PBXFileReference; lastKnownFileType = sourcecode.swift; path = AppDelegate.swift; sourceTree = "<group>"; };
		04E3B033224F9234006D27A6 /* ViewController.swift */ = {isa = PBXFileReference; lastKnownFileType = sourcecode.swift; path = ViewController.swift; sourceTree = "<group>"; };
		04E3B036224F9234006D27A6 /* Base */ = {isa = PBXFileReference; lastKnownFileType = file.storyboard; name = Base; path = Base.lproj/Main.storyboard; sourceTree = "<group>"; };
		04E3B039224F9234006D27A6 /* login.xcdatamodel */ = {isa = PBXFileReference; lastKnownFileType = wrapper.xcdatamodel; path = login.xcdatamodel; sourceTree = "<group>"; };
		04E3B03B224F9236006D27A6 /* Assets.xcassets */ = {isa = PBXFileReference; lastKnownFileType = folder.assetcatalog; path = Assets.xcassets; sourceTree = "<group>"; };
		04E3B03E224F9236006D27A6 /* Base */ = {isa = PBXFileReference; lastKnownFileType = file.storyboard; name = Base; path = Base.lproj/LaunchScreen.storyboard; sourceTree = "<group>"; };
		04E3B040224F9236006D27A6 /* Info.plist */ = {isa = PBXFileReference; lastKnownFileType = text.plist.xml; path = Info.plist; sourceTree = "<group>"; };
		04E3B045224F9236006D27A6 /* loginTests.xctest */ = {isa = PBXFileReference; explicitFileType = wrapper.cfbundle; includeInIndex = 0; path = loginTests.xctest; sourceTree = BUILT_PRODUCTS_DIR; };
		04E3B049224F9236006D27A6 /* loginTests.swift */ = {isa = PBXFileReference; lastKnownFileType = sourcecode.swift; path = loginTests.swift; sourceTree = "<group>"; };
		04E3B04B224F9236006D27A6 /* Info.plist */ = {isa = PBXFileReference; lastKnownFileType = text.plist.xml; path = Info.plist; sourceTree = "<group>"; };
		04E3B050224F9236006D27A6 /* loginUITests.xctest */ = {isa = PBXFileReference; explicitFileType = wrapper.cfbundle; includeInIndex = 0; path = loginUITests.xctest; sourceTree = BUILT_PRODUCTS_DIR; };
		04E3B054224F9236006D27A6 /* loginUITests.swift */ = {isa = PBXFileReference; lastKnownFileType = sourcecode.swift; path = loginUITests.swift; sourceTree = "<group>"; };
		04E3B056224F9236006D27A6 /* Info.plist */ = {isa = PBXFileReference; lastKnownFileType = text.plist.xml; path = Info.plist; sourceTree = "<group>"; };
/* End PBXFileReference section */

/* Begin PBXFrameworksBuildPhase section */
		04E3B02B224F9234006D27A6 /* Frameworks */ = {
			isa = PBXFrameworksBuildPhase;
			buildActionMask = 2147483647;
			files = (
			);
			runOnlyForDeploymentPostprocessing = 0;
		};
		04E3B042224F9236006D27A6 /* Frameworks */ = {
			isa = PBXFrameworksBuildPhase;
			buildActionMask = 2147483647;
			files = (
			);
			runOnlyForDeploymentPostprocessing = 0;
		};
		04E3B04D224F9236006D27A6 /* Frameworks */ = {
			isa = PBXFrameworksBuildPhase;
			buildActionMask = 2147483647;
			files = (
			);
			runOnlyForDeploymentPostprocessing = 0;
		};
/* End PBXFrameworksBuildPhase section */

/* Begin PBXGroup section */
		04E3B025224F9234006D27A6 = {
			isa = PBXGroup;
			children = (
				04E3B030224F9234006D27A6 /* login */,
				04E3B048224F9236006D27A6 /* loginTests */,
				04E3B053224F9236006D27A6 /* loginUITests */,
				04E3B02F224F9234006D27A6 /* Products */,
			);
			sourceTree = "<group>";
		};
		04E3B02F224F9234006D27A6 /* Products */ = {
			isa = PBXGroup;
			children = (
				04E3B02E224F9234006D27A6 /* login.app */,
				04E3B045224F9236006D27A6 /* loginTests.xctest */,
				04E3B050224F9236006D27A6 /* loginUITests.xctest */,
			);
			name = Products;
			sourceTree = "<group>";
		};
		04E3B030224F9234006D27A6 /* login */ = {
			isa = PBXGroup;
			children = (
				04E3B031224F9234006D27A6 /* AppDelegate.swift */,
				04E3B033224F9234006D27A6 /* ViewController.swift */,
				04E3B035224F9234006D27A6 /* Main.storyboard */,
				04E3B03B224F9236006D27A6 /* Assets.xcassets */,
				04E3B03D224F9236006D27A6 /* LaunchScreen.storyboard */,
				04E3B040224F9236006D27A6 /* Info.plist */,
				04E3B038224F9234006D27A6 /* login.xcdatamodeld */,
			);
			path = login;
			sourceTree = "<group>";
		};
		04E3B048224F9236006D27A6 /* loginTests */ = {
			isa = PBXGroup;
			children = (
				04E3B049224F9236006D27A6 /* loginTests.swift */,
				04E3B04B224F9236006D27A6 /* Info.plist */,
			);
			path = loginTests;
			sourceTree = "<group>";
		};
		04E3B053224F9236006D27A6 /* loginUITests */ = {
			isa = PBXGroup;
			children = (
				04E3B054224F9236006D27A6 /* loginUITests.swift */,
				04E3B056224F9236006D27A6 /* Info.plist */,
			);
			path = loginUITests;
			sourceTree = "<group>";
		};
/* End PBXGroup section */

/* Begin PBXNativeTarget section */
		04E3B02D224F9234006D27A6 /* login */ = {
			isa = PBXNativeTarget;
			buildConfigurationList = 04E3B059224F9236006D27A6 /* Build configuration list for PBXNativeTarget "login" */;
			buildPhases = (
				04E3B02A224F9234006D27A6 /* Sources */,
				04E3B02B224F9234006D27A6 /* Frameworks */,
				04E3B02C224F9234006D27A6 /* Resources */,
			);
			buildRules = (
			);
			dependencies = (
			);
			name = login;
			productName = login;
			productReference = 04E3B02E224F9234006D27A6 /* login.app */;
			productType = "com.apple.product-type.application";
		};
		04E3B044224F9236006D27A6 /* loginTests */ = {
			isa = PBXNativeTarget;
			buildConfigurationList = 04E3B05C224F9236006D27A6 /* Build configuration list for PBXNativeTarget "loginTests" */;
			buildPhases = (
				04E3B041224F9236006D27A6 /* Sources */,
				04E3B042224F9236006D27A6 /* Frameworks */,
				04E3B043224F9236006D27A6 /* Resources */,
			);
			buildRules = (
			);
			dependencies = (
				04E3B047224F9236006D27A6 /* PBXTargetDependency */,
			);
			name = loginTests;
			productName = loginTests;
			productReference = 04E3B045224F9236006D27A6 /* loginTests.xctest */;
			productType = "com.apple.product-type.bundle.unit-test";
		};
		04E3B04F224F9236006D27A6 /* loginUITests */ = {
			isa = PBXNativeTarget;
			buildConfigurationList = 04E3B05F224F9236006D27A6 /* Build configuration list for PBXNativeTarget "loginUITests" */;
			buildPhases = (
				04E3B04C224F9236006D27A6 /* Sources */,
				04E3B04D224F9236006D27A6 /* Frameworks */,
				04E3B04E224F9236006D27A6 /* Resources */,
			);
			buildRules = (
			);
			dependencies = (
				04E3B052224F9236006D27A6 /* PBXTargetDependency */,
			);
			name = loginUITests;
			productName = loginUITests;
			productReference = 04E3B050224F9236006D27A6 /* loginUITests.xctest */;
			productType = "com.apple.product-type.bundle.ui-testing";
		};
/* End PBXNativeTarget section */

/* Begin PBXProject section */
		04E3B026224F9234006D27A6 /* Project object */ = {
			isa = PBXProject;
			attributes = {
				LastSwiftUpdateCheck = 1010;
				LastUpgradeCheck = 1010;
				ORGANIZATIONNAME = "Wesley S. Favarin";
				TargetAttributes = {
					04E3B02D224F9234006D27A6 = {
						CreatedOnToolsVersion = 10.1;
					};
					04E3B044224F9236006D27A6 = {
						CreatedOnToolsVersion = 10.1;
						TestTargetID = 04E3B02D224F9234006D27A6;
					};
					04E3B04F224F9236006D27A6 = {
						CreatedOnToolsVersion = 10.1;
						TestTargetID = 04E3B02D224F9234006D27A6;
					};
				};
			};
			buildConfigurationList = 04E3B029224F9234006D27A6 /* Build configuration list for PBXProject "login" */;
			compatibilityVersion = "Xcode 9.3";
			developmentRegion = en;
			hasScannedForEncodings = 0;
			knownRegions = (
				en,
				Base,
			);
			mainGroup = 04E3B025224F9234006D27A6;
			productRefGroup = 04E3B02F224F9234006D27A6 /* Products */;
			projectDirPath = "";
			projectRoot = "";
			targets = (
				04E3B02D224F9234006D27A6 /* login */,
				04E3B044224F9236006D27A6 /* loginTests */,
				04E3B04F224F9236006D27A6 /* loginUITests */,
			);
		};
/* End PBXProject section */

/* Begin PBXResourcesBuildPhase section */
		04E3B02C224F9234006D27A6 /* Resources */ = {
			isa = PBXResourcesBuildPhase;
			buildActionMask = 2147483647;
			files = (
				04E3B03F224F9236006D27A6 /* LaunchScreen.storyboard in Resources */,
				04E3B03C224F9236006D27A6 /* Assets.xcassets in Resources */,
				04E3B037224F9234006D27A6 /* Main.storyboard in Resources */,
			);
			runOnlyForDeploymentPostprocessing = 0;
		};
		04E3B043224F9236006D27A6 /* Resources */ = {
			isa = PBXResourcesBuildPhase;
			buildActionMask = 2147483647;
			files = (
			);
			runOnlyForDeploymentPostprocessing = 0;
		};
		04E3B04E224F9236006D27A6 /* Resources */ = {
			isa = PBXResourcesBuildPhase;
			buildActionMask = 2147483647;
			files = (
			);
			runOnlyForDeploymentPostprocessing = 0;
		};
/* End PBXResourcesBuildPhase section */

/* Begin PBXSourcesBuildPhase section */
		04E3B02A224F9234006D27A6 /* Sources */ = {
			isa = PBXSourcesBuildPhase;
			buildActionMask = 2147483647;
			files = (
				04E3B03A224F9234006D27A6 /* login.xcdatamodeld in Sources */,
				04E3B034224F9234006D27A6 /* ViewController.swift in Sources */,
				04E3B032224F9234006D27A6 /* AppDelegate.swift in Sources */,
			);
			runOnlyForDeploymentPostprocessing = 0;
		};
		04E3B041224F9236006D27A6 /* Sources */ = {
			isa = PBXSourcesBuildPhase;
			buildActionMask = 2147483647;
			files = (
				04E3B04A224F9236006D27A6 /* loginTests.swift in Sources */,
			);
			runOnlyForDeploymentPostprocessing = 0;
		};
		04E3B04C224F9236006D27A6 /* Sources */ = {
			isa = PBXSourcesBuildPhase;
			buildActionMask = 2147483647;
			files = (
				04E3B055224F9236006D27A6 /* loginUITests.swift in Sources */,
			);
			runOnlyForDeploymentPostprocessing = 0;
		};
/* End PBXSourcesBuildPhase section */

/* Begin PBXTargetDependency section */
		04E3B047224F9236006D27A6 /* PBXTargetDependency */ = {
			isa = PBXTargetDependency;
			target = 04E3B02D224F9234006D27A6 /* login */;
			targetProxy = 04E3B046224F9236006D27A6 /* PBXContainerItemProxy */;
		};
		04E3B052224F9236006D27A6 /* PBXTargetDependency */ = {
			isa = PBXTargetDependency;
			target = 04E3B02D224F9234006D27A6 /* login */;
			targetProxy = 04E3B051224F9236006D27A6 /* PBXContainerItemProxy */;
		};
/* End PBXTargetDependency section */

/* Begin PBXVariantGroup section */
		04E3B035224F9234006D27A6 /* Main.storyboard */ = {
			isa = PBXVariantGroup;
			children = (
				04E3B036224F9234006D27A6 /* Base */,
			);
			name = Main.storyboard;
			sourceTree = "<group>";
		};
		04E3B03D224F9236006D27A6 /* LaunchScreen.storyboard */ = {
			isa = PBXVariantGroup;
			children = (
				04E3B03E224F9236006D27A6 /* Base */,
			);
			name = LaunchScreen.storyboard;
			sourceTree = "<group>";
		};
/* End PBXVariantGroup section */

/* Begin XCBuildConfiguration section */
		04E3B057224F9236006D27A6 /* Debug */ = {
			isa = XCBuildConfiguration;
			buildSettings = {
				ALWAYS_SEARCH_USER_PATHS = NO;
				CLANG_ANALYZER_NONNULL = YES;
				CLANG_ANALYZER_NUMBER_OBJECT_CONVERSION = YES_AGGRESSIVE;
				CLANG_CXX_LANGUAGE_STANDARD = "gnu++14";
				CLANG_CXX_LIBRARY = "libc++";
				CLANG_ENABLE_MODULES = YES;
				CLANG_ENABLE_OBJC_ARC = YES;
				CLANG_ENABLE_OBJC_WEAK = YES;
				CLANG_WARN_BLOCK_CAPTURE_AUTORELEASING = YES;
				CLANG_WARN_BOOL_CONVERSION = YES;
				CLANG_WARN_COMMA = YES;
				CLANG_WARN_CONSTANT_CONVERSION = YES;
				CLANG_WARN_DEPRECATED_OBJC_IMPLEMENTATIONS = YES;
				CLANG_WARN_DIRECT_OBJC_ISA_USAGE = YES_ERROR;
				CLANG_WARN_DOCUMENTATION_COMMENTS = YES;
				CLANG_WARN_EMPTY_BODY = YES;
				CLANG_WARN_ENUM_CONVERSION = YES;
				CLANG_WARN_INFINITE_RECURSION = YES;
				CLANG_WARN_INT_CONVERSION = YES;
				CLANG_WARN_NON_LITERAL_NULL_CONVERSION = YES;
				CLANG_WARN_OBJC_IMPLICIT_RETAIN_SELF = YES;
				CLANG_WARN_OBJC_LITERAL_CONVERSION = YES;
				CLANG_WARN_OBJC_ROOT_CLASS = YES_ERROR;
				CLANG_WARN_RANGE_LOOP_ANALYSIS = YES;
				CLANG_WARN_STRICT_PROTOTYPES = YES;
				CLANG_WARN_SUSPICIOUS_MOVE = YES;
				CLANG_WARN_UNGUARDED_AVAILABILITY = YES_AGGRESSIVE;
				CLANG_WARN_UNREACHABLE_CODE = YES;
				CLANG_WARN__DUPLICATE_METHOD_MATCH = YES;
				CODE_SIGN_IDENTITY = "iPhone Developer";
				COPY_PHASE_STRIP = NO;
				DEBUG_INFORMATION_FORMAT = dwarf;
				ENABLE_STRICT_OBJC_MSGSEND = YES;
				ENABLE_TESTABILITY = YES;
				GCC_C_LANGUAGE_STANDARD = gnu11;
				GCC_DYNAMIC_NO_PIC = NO;
				GCC_NO_COMMON_BLOCKS = YES;
				GCC_OPTIMIZATION_LEVEL = 0;
				GCC_PREPROCESSOR_DEFINITIONS = (
					"DEBUG=1",
					"$(inherited)",
				);
				GCC_WARN_64_TO_32_BIT_CONVERSION = YES;
				GCC_WARN_ABOUT_RETURN_TYPE = YES_ERROR;
				GCC_WARN_UNDECLARED_SELECTOR = YES;
				GCC_WARN_UNINITIALIZED_AUTOS = YES_AGGRESSIVE;
				GCC_WARN_UNUSED_FUNCTION = YES;
				GCC_WARN_UNUSED_VARIABLE = YES;
				IPHONEOS_DEPLOYMENT_TARGET = 12.1;
				MTL_ENABLE_DEBUG_INFO = INCLUDE_SOURCE;
				MTL_FAST_MATH = YES;
				ONLY_ACTIVE_ARCH = YES;
				SDKROOT = iphoneos;
				SWIFT_ACTIVE_COMPILATION_CONDITIONS = DEBUG;
				SWIFT_OPTIMIZATION_LEVEL = "-Onone";
			};
			name = Debug;
		};
		04E3B058224F9236006D27A6 /* Release */ = {
			isa = XCBuildConfiguration;
			buildSettings = {
				ALWAYS_SEARCH_USER_PATHS = NO;
				CLANG_ANALYZER_NONNULL = YES;
				CLANG_ANALYZER_NUMBER_OBJECT_CONVERSION = YES_AGGRESSIVE;
				CLANG_CXX_LANGUAGE_STANDARD = "gnu++14";
				CLANG_CXX_LIBRARY = "libc++";
				CLANG_ENABLE_MODULES = YES;
				CLANG_ENABLE_OBJC_ARC = YES;
				CLANG_ENABLE_OBJC_WEAK = YES;
				CLANG_WARN_BLOCK_CAPTURE_AUTORELEASING = YES;
				CLANG_WARN_BOOL_CONVERSION = YES;
				CLANG_WARN_COMMA = YES;
				CLANG_WARN_CONSTANT_CONVERSION = YES;
				CLANG_WARN_DEPRECATED_OBJC_IMPLEMENTATIONS = YES;
				CLANG_WARN_DIRECT_OBJC_ISA_USAGE = YES_ERROR;
				CLANG_WARN_DOCUMENTATION_COMMENTS = YES;
				CLANG_WARN_EMPTY_BODY = YES;
				CLANG_WARN_ENUM_CONVERSION = YES;
				CLANG_WARN_INFINITE_RECURSION = YES;
				CLANG_WARN_INT_CONVERSION = YES;
				CLANG_WARN_NON_LITERAL_NULL_CONVERSION = YES;
				CLANG_WARN_OBJC_IMPLICIT_RETAIN_SELF = YES;
				CLANG_WARN_OBJC_LITERAL_CONVERSION = YES;
				CLANG_WARN_OBJC_ROOT_CLASS = YES_ERROR;
				CLANG_WARN_RANGE_LOOP_ANALYSIS = YES;
				CLANG_WARN_STRICT_PROTOTYPES = YES;
				CLANG_WARN_SUSPICIOUS_MOVE = YES;
				CLANG_WARN_UNGUARDED_AVAILABILITY = YES_AGGRESSIVE;
				CLANG_WARN_UNREACHABLE_CODE = YES;
				CLANG_WARN__DUPLICATE_METHOD_MATCH = YES;
				CODE_SIGN_IDENTITY = "iPhone Developer";
				COPY_PHASE_STRIP = NO;
				DEBUG_INFORMATION_FORMAT = "dwarf-with-dsym";
				ENABLE_NS_ASSERTIONS = NO;
				ENABLE_STRICT_OBJC_MSGSEND = YES;
				GCC_C_LANGUAGE_STANDARD = gnu11;
				GCC_NO_COMMON_BLOCKS = YES;
				GCC_WARN_64_TO_32_BIT_CONVERSION = YES;
				GCC_WARN_ABOUT_RETURN_TYPE = YES_ERROR;
				GCC_WARN_UNDECLARED_SELECTOR = YES;
				GCC_WARN_UNINITIALIZED_AUTOS = YES_AGGRESSIVE;
				GCC_WARN_UNUSED_FUNCTION = YES;
				GCC_WARN_UNUSED_VARIABLE = YES;
				IPHONEOS_DEPLOYMENT_TARGET = 12.1;
				MTL_ENABLE_DEBUG_INFO = NO;
				MTL_FAST_MATH = YES;
				SDKROOT = iphoneos;
				SWIFT_COMPILATION_MODE = wholemodule;
				SWIFT_OPTIMIZATION_LEVEL = "-O";
				VALIDATE_PRODUCT = YES;
			};
			name = Release;
		};
		04E3B05A224F9236006D27A6 /* Debug */ = {
			isa = XCBuildConfiguration;
			buildSettings = {
				ASSETCATALOG_COMPILER_APPICON_NAME = AppIcon;
				CODE_SIGN_STYLE = Automatic;
				DEVELOPMENT_TEAM = TMBBB4Z65G;
				INFOPLIST_FILE = login/Info.plist;
				LD_RUNPATH_SEARCH_PATHS = (
					"$(inherited)",
					"@executable_path/Frameworks",
				);
				PRODUCT_BUNDLE_IDENTIFIER = com.wesleysfavarin.coordinators.login;
				PRODUCT_NAME = "$(TARGET_NAME)";
				SWIFT_VERSION = 4.2;
				TARGETED_DEVICE_FAMILY = "1,2";
			};
			name = Debug;
		};
		04E3B05B224F9236006D27A6 /* Release */ = {
			isa = XCBuildConfiguration;
			buildSettings = {
				ASSETCATALOG_COMPILER_APPICON_NAME = AppIcon;
				CODE_SIGN_STYLE = Automatic;
				DEVELOPMENT_TEAM = TMBBB4Z65G;
				INFOPLIST_FILE = login/Info.plist;
				LD_RUNPATH_SEARCH_PATHS = (
					"$(inherited)",
					"@executable_path/Frameworks",
				);
				PRODUCT_BUNDLE_IDENTIFIER = com.wesleysfavarin.coordinators.login;
				PRODUCT_NAME = "$(TARGET_NAME)";
				SWIFT_VERSION = 4.2;
				TARGETED_DEVICE_FAMILY = "1,2";
			};
			name = Release;
		};
		04E3B05D224F9236006D27A6 /* Debug */ = {
			isa = XCBuildConfiguration;
			buildSettings = {
				ALWAYS_EMBED_SWIFT_STANDARD_LIBRARIES = YES;
				BUNDLE_LOADER = "$(TEST_HOST)";
				CODE_SIGN_STYLE = Automatic;
				DEVELOPMENT_TEAM = TMBBB4Z65G;
				INFOPLIST_FILE = loginTests/Info.plist;
				LD_RUNPATH_SEARCH_PATHS = (
					"$(inherited)",
					"@executable_path/Frameworks",
					"@loader_path/Frameworks",
				);
				PRODUCT_BUNDLE_IDENTIFIER = com.wesleysfavarin.coordinators.loginTests;
				PRODUCT_NAME = "$(TARGET_NAME)";
				SWIFT_VERSION = 4.2;
				TARGETED_DEVICE_FAMILY = "1,2";
				TEST_HOST = "$(BUILT_PRODUCTS_DIR)/login.app/login";
			};
			name = Debug;
		};
		04E3B05E224F9236006D27A6 /* Release */ = {
			isa = XCBuildConfiguration;
			buildSettings = {
				ALWAYS_EMBED_SWIFT_STANDARD_LIBRARIES = YES;
				BUNDLE_LOADER = "$(TEST_HOST)";
				CODE_SIGN_STYLE = Automatic;
				DEVELOPMENT_TEAM = TMBBB4Z65G;
				INFOPLIST_FILE = loginTests/Info.plist;
				LD_RUNPATH_SEARCH_PATHS = (
					"$(inherited)",
					"@executable_path/Frameworks",
					"@loader_path/Frameworks",
				);
				PRODUCT_BUNDLE_IDENTIFIER = com.wesleysfavarin.coordinators.loginTests;
				PRODUCT_NAME = "$(TARGET_NAME)";
				SWIFT_VERSION = 4.2;
				TARGETED_DEVICE_FAMILY = "1,2";
				TEST_HOST = "$(BUILT_PRODUCTS_DIR)/login.app/login";
			};
			name = Release;
		};
		04E3B060224F9236006D27A6 /* Debug */ = {
			isa = XCBuildConfiguration;
			buildSettings = {
				ALWAYS_EMBED_SWIFT_STANDARD_LIBRARIES = YES;
				CODE_SIGN_STYLE = Automatic;
				DEVELOPMENT_TEAM = TMBBB4Z65G;
				INFOPLIST_FILE = loginUITests/Info.plist;
				LD_RUNPATH_SEARCH_PATHS = (
					"$(inherited)",
					"@executable_path/Frameworks",
					"@loader_path/Frameworks",
				);
				PRODUCT_BUNDLE_IDENTIFIER = com.wesleysfavarin.coordinators.loginUITests;
				PRODUCT_NAME = "$(TARGET_NAME)";
				SWIFT_VERSION = 4.2;
				TARGETED_DEVICE_FAMILY = "1,2";
				TEST_TARGET_NAME = login;
			};
			name = Debug;
		};
		04E3B061224F9236006D27A6 /* Release */ = {
			isa = XCBuildConfiguration;
			buildSettings = {
				ALWAYS_EMBED_SWIFT_STANDARD_LIBRARIES = YES;
				CODE_SIGN_STYLE = Automatic;
				DEVELOPMENT_TEAM = TMBBB4Z65G;
				INFOPLIST_FILE = loginUITests/Info.plist;
				LD_RUNPATH_SEARCH_PATHS = (
					"$(inherited)",
					"@executable_path/Frameworks",
					"@loader_path/Frameworks",
				);
				PRODUCT_BUNDLE_IDENTIFIER = com.wesleysfavarin.coordinators.loginUITests;
				PRODUCT_NAME = "$(TARGET_NAME)";
				SWIFT_VERSION = 4.2;
				TARGETED_DEVICE_FAMILY = "1,2";
				TEST_TARGET_NAME = login;
			};
			name = Release;
		};
/* End XCBuildConfiguration section */

/* Begin XCConfigurationList section */
		04E3B029224F9234006D27A6 /* Build configuration list for PBXProject "login" */ = {
			isa = XCConfigurationList;
			buildConfigurations = (
				04E3B057224F9236006D27A6 /* Debug */,
				04E3B058224F9236006D27A6 /* Release */,
			);
			defaultConfigurationIsVisible = 0;
			defaultConfigurationName = Release;
		};
		04E3B059224F9236006D27A6 /* Build configuration list for PBXNativeTarget "login" */ = {
			isa = XCConfigurationList;
			buildConfigurations = (
				04E3B05A224F9236006D27A6 /* Debug */,
				04E3B05B224F9236006D27A6 /* Release */,
			);
			defaultConfigurationIsVisible = 0;
			defaultConfigurationName = Release;
		};
		04E3B05C224F9236006D27A6 /* Build configuration list for PBXNativeTarget "loginTests" */ = {
			isa = XCConfigurationList;
			buildConfigurations = (
				04E3B05D224F9236006D27A6 /* Debug */,
				04E3B05E224F9236006D27A6 /* Release */,
			);
			defaultConfigurationIsVisible = 0;
			defaultConfigurationName = Release;
		};
		04E3B05F224F9236006D27A6 /* Build configuration list for PBXNativeTarget "loginUITests" */ = {
			isa = XCConfigurationList;
			buildConfigurations = (
				04E3B060224F9236006D27A6 /* Debug */,
				04E3B061224F9236006D27A6 /* Release */,
			);
			defaultConfigurationIsVisible = 0;
			defaultConfigurationName = Release;
		};
/* End XCConfigurationList section */

/* Begin XCVersionGroup section */
		04E3B038224F9234006D27A6 /* login.xcdatamodeld */ = {
			isa = XCVersionGroup;
			children = (
				04E3B039224F9234006D27A6 /* login.xcdatamodel */,
			);
			currentVersion = 04E3B039224F9234006D27A6 /* login.xcdatamodel */;
			path = login.xcdatamodeld;
			sourceTree = "<group>";
			versionGroupType = wrapper.xcdatamodel;
		};
/* End XCVersionGroup section */
	};
	rootObject = 04E3B026224F9234006D27A6 /* Project object */;
}
